
Microsoft Visual Studio Solution File, Format Version 12.00
# Visual Studio 15
VisualStudioVersion = 15.0.27703.2042
MinimumVisualStudioVersion = 10.0.40219.1
Project("{FAE04EC0-301F-11D3-BF4B-00C04F79EFBC}") = "DataTableInMVC.Data", "DataTableInMVC.Data\DataTableInMVC.Data.csproj", "{98F834C0-BAC7-43CC-BC26-E062B305A527}"
EndProject
Project("{FAE04EC0-301F-11D3-BF4B-00C04F79EFBC}") = "DataTableInMVCApp", "DataTableInMVCApp\DataTableInMVCApp.csproj", "{2A7C5801-E1CD-4D91-BBA1-AF044EFA991E}"
EndProject
Project("{FAE04EC0-301F-11D3-BF4B-00C04F79EFBC}") = "DataTableInMVC.Models", "DataTableInMVC.Models\DataTableInMVC.Models.csproj", "{52136831-CC70-4923-B88F-E44716AA5587}"
EndProject
Global
	GlobalSection(SolutionConfigurationPlatforms) = preSolution
		Debug|Any CPU = Debug|Any CPU
		Release|Any CPU = Release|Any CPU
	EndGlobalSection
	GlobalSection(ProjectConfigurationPlatforms) = postSolution
		{98F834C0-BAC7-43CC-BC26-E062B305A527}.Debug|Any CPU.ActiveCfg = Debug|Any CPU
		{98F834C0-BAC7-43CC-BC26-E062B305A527}.Debug|Any CPU.Build.0 = Debug|Any CPU
		{98F834C0-BAC7-43CC-BC26-E062B305A527}.Release|Any CPU.ActiveCfg = Release|Any CPU
		{98F834C0-BAC7-43CC-BC26-E062B305A527}.Release|Any CPU.Build.0 = Release|Any CPU
		{2A7C5801-E1CD-4D91-BBA1-AF044EFA991E}.Debug|Any CPU.ActiveCfg = Debug|Any CPU
		{2A7C5801-E1CD-4D91-BBA1-AF044EFA991E}.Debug|Any CPU.Build.0 = Debug|Any CPU
		{2A7C5801-E1CD-4D91-BBA1-AF044EFA991E}.Release|Any CPU.ActiveCfg = Release|Any CPU
		{2A7C5801-E1CD-4D91-BBA1-AF044EFA991E}.Release|Any CPU.Build.0 = Release|Any CPU
		{52136831-CC70-4923-B88F-E44716AA5587}.Debug|Any CPU.ActiveCfg = Debug|Any CPU
		{52136831-CC70-4923-B88F-E44716AA5587}.Debug|Any CPU.Build.0 = Debug|Any CPU
		{52136831-CC70-4923-B88F-E44716AA5587}.Release|Any CPU.ActiveCfg = Release|Any CPU
		{52136831-CC70-4923-B88F-E44716AA5587}.Release|Any CPU.Build.0 = Release|Any CPU
	EndGlobalSection
	GlobalSection(SolutionProperties) = preSolution
		HideSolutionNode = FALSE
	EndGlobalSection
	GlobalSection(ExtensibilityGlobals) = postSolution
		SolutionGuid = {C79AC148-C82D-4418-8BD0-577FCB051DBC}
	EndGlobalSection
EndGlobal
