
Microsoft Visual Studio Solution File, Format Version 12.00
# Visual Studio 14
VisualStudioVersion = 14.0.25420.1
MinimumVisualStudioVersion = 10.0.40219.1
Project("{FAE04EC0-301F-11D3-BF4B-00C04F79EFBC}") = "JqDatatableApp", "JqDatatableApp\JqDatatableApp.csproj", "{70C7D548-374E-4240-808D-C94FB9B6B0D8}"
EndProject
Project("{FAE04EC0-301F-11D3-BF4B-00C04F79EFBC}") = "DataTableInMVC.Models", "DataTableInMVC.Models\DataTableInMVC.Models.csproj", "{89BF9577-F04A-431B-9785-144FB4F9148C}"
EndProject
Project("{FAE04EC0-301F-11D3-BF4B-00C04F79EFBC}") = "DataTableInMVC.ViewModels", "DataTableInMVC.ViewModels\DataTableInMVC.ViewModels.csproj", "{CC215833-5561-4968-A459-5FF0F34976D5}"
EndProject
Project("{FAE04EC0-301F-11D3-BF4B-00C04F79EFBC}") = "DataTableInMVC.Concrete", "DataTableInMVC.Concrete\DataTableInMVC.Concrete.csproj", "{91147697-2642-46E1-9FC1-D11769DAEB53}"
EndProject
Global
	GlobalSection(SolutionConfigurationPlatforms) = preSolution
		Debug|Any CPU = Debug|Any CPU
		Release|Any CPU = Release|Any CPU
	EndGlobalSection
	GlobalSection(ProjectConfigurationPlatforms) = postSolution
		{70C7D548-374E-4240-808D-C94FB9B6B0D8}.Debug|Any CPU.ActiveCfg = Debug|Any CPU
		{70C7D548-374E-4240-808D-C94FB9B6B0D8}.Debug|Any CPU.Build.0 = Debug|Any CPU
		{70C7D548-374E-4240-808D-C94FB9B6B0D8}.Release|Any CPU.ActiveCfg = Release|Any CPU
		{70C7D548-374E-4240-808D-C94FB9B6B0D8}.Release|Any CPU.Build.0 = Release|Any CPU
		{89BF9577-F04A-431B-9785-144FB4F9148C}.Debug|Any CPU.ActiveCfg = Debug|Any CPU
		{89BF9577-F04A-431B-9785-144FB4F9148C}.Debug|Any CPU.Build.0 = Debug|Any CPU
		{89BF9577-F04A-431B-9785-144FB4F9148C}.Release|Any CPU.ActiveCfg = Release|Any CPU
		{89BF9577-F04A-431B-9785-144FB4F9148C}.Release|Any CPU.Build.0 = Release|Any CPU
		{CC215833-5561-4968-A459-5FF0F34976D5}.Debug|Any CPU.ActiveCfg = Debug|Any CPU
		{CC215833-5561-4968-A459-5FF0F34976D5}.Debug|Any CPU.Build.0 = Debug|Any CPU
		{CC215833-5561-4968-A459-5FF0F34976D5}.Release|Any CPU.ActiveCfg = Release|Any CPU
		{CC215833-5561-4968-A459-5FF0F34976D5}.Release|Any CPU.Build.0 = Release|Any CPU
		{91147697-2642-46E1-9FC1-D11769DAEB53}.Debug|Any CPU.ActiveCfg = Debug|Any CPU
		{91147697-2642-46E1-9FC1-D11769DAEB53}.Debug|Any CPU.Build.0 = Debug|Any CPU
		{91147697-2642-46E1-9FC1-D11769DAEB53}.Release|Any CPU.ActiveCfg = Release|Any CPU
		{91147697-2642-46E1-9FC1-D11769DAEB53}.Release|Any CPU.Build.0 = Release|Any CPU
	EndGlobalSection
	GlobalSection(SolutionProperties) = preSolution
		HideSolutionNode = FALSE
	EndGlobalSection
EndGlobal
